// !$*UTF8*$!
{
	archiveVersion = 1;
	classes = {
	};
	objectVersion = 46;
	objects = {

/* Begin PBXBuildFile section */
		271B11801B14EC98003289C8 /* AppDelegate.m in Sources */ = {isa = PBXBuildFile; fileRef = 271B117F1B14EC98003289C8 /* AppDelegate.m */; };
		271B11821B14EC98003289C8 /* main.m in Sources */ = {isa = PBXBuildFile; fileRef = 271B11811B14EC98003289C8 /* main.m */; };
		271B11841B14EC98003289C8 /* Images.xcassets in Resources */ = {isa = PBXBuildFile; fileRef = 271B11831B14EC98003289C8 /* Images.xcassets */; };
		271B11871B14EC98003289C8 /* MainMenu.xib in Resources */ = {isa = PBXBuildFile; fileRef = 271B11851B14EC98003289C8 /* MainMenu.xib */; };
		271B11931B14EC98003289C8 /* ForceClickTests.m in Sources */ = {isa = PBXBuildFile; fileRef = 271B11921B14EC98003289C8 /* ForceClickTests.m */; };
/* End PBXBuildFile section */

/* Begin PBXContainerItemProxy section */
		271B118D1B14EC98003289C8 /* PBXContainerItemProxy */ = {
			isa = PBXContainerItemProxy;
			containerPortal = 271B11711B14EC97003289C8 /* Project object */;
			proxyType = 1;
			remoteGlobalIDString = 271B11781B14EC98003289C8;
			remoteInfo = ForceClick;
		};
/* End PBXContainerItemProxy section */

/* Begin PBXFileReference section */
		271B11791B14EC98003289C8 /* ForceClick.app */ = {isa = PBXFileReference; explicitFileType = wrapper.application; includeInIndex = 0; path = ForceClick.app; sourceTree = BUILT_PRODUCTS_DIR; };
		271B117D1B14EC98003289C8 /* Info.plist */ = {isa = PBXFileReference; lastKnownFileType = text.plist.xml; path = Info.plist; sourceTree = "<group>"; };
		271B117E1B14EC98003289C8 /* AppDelegate.h */ = {isa = PBXFileReference; lastKnownFileType = sourcecode.c.h; path = AppDelegate.h; sourceTree = "<group>"; };
		271B117F1B14EC98003289C8 /* AppDelegate.m */ = {isa = PBXFileReference; lastKnownFileType = sourcecode.c.objc; path = AppDelegate.m; sourceTree = "<group>"; };
		271B11811B14EC98003289C8 /* main.m */ = {isa = PBXFileReference; lastKnownFileType = sourcecode.c.objc; path = main.m; sourceTree = "<group>"; };
		271B11831B14EC98003289C8 /* Images.xcassets */ = {isa = PBXFileReference; lastKnownFileType = folder.assetcatalog; path = Images.xcassets; sourceTree = "<group>"; };
		271B11861B14EC98003289C8 /* Base */ = {isa = PBXFileReference; lastKnownFileType = file.xib; name = Base; path = Base.lproj/MainMenu.xib; sourceTree = "<group>"; };
		271B118C1B14EC98003289C8 /* ForceClickTests.xctest */ = {isa = PBXFileReference; explicitFileType = wrapper.cfbundle; includeInIndex = 0; path = ForceClickTests.xctest; sourceTree = BUILT_PRODUCTS_DIR; };
		271B11911B14EC98003289C8 /* Info.plist */ = {isa = PBXFileReference; lastKnownFileType = text.plist.xml; path = Info.plist; sourceTree = "<group>"; };
		271B11921B14EC98003289C8 /* ForceClickTests.m */ = {isa = PBXFileReference; lastKnownFileType = sourcecode.c.objc; path = ForceClickTests.m; sourceTree = "<group>"; };
/* End PBXFileReference section */

/* Begin PBXFrameworksBuildPhase section */
		271B11761B14EC98003289C8 /* Frameworks */ = {
			isa = PBXFrameworksBuildPhase;
			buildActionMask = 2147483647;
			files = (
			);
			runOnlyForDeploymentPostprocessing = 0;
		};
		271B11891B14EC98003289C8 /* Frameworks */ = {
			isa = PBXFrameworksBuildPhase;
			buildActionMask = 2147483647;
			files = (
			);
			runOnlyForDeploymentPostprocessing = 0;
		};
/* End PBXFrameworksBuildPhase section */

/* Begin PBXGroup section */
		271B11701B14EC97003289C8 = {
			isa = PBXGroup;
			children = (
				271B117B1B14EC98003289C8 /* ForceClick */,
				271B118F1B14EC98003289C8 /* ForceClickTests */,
				271B117A1B14EC98003289C8 /* Products */,
			);
			sourceTree = "<group>";
		};
		271B117A1B14EC98003289C8 /* Products */ = {
			isa = PBXGroup;
			children = (
				271B11791B14EC98003289C8 /* ForceClick.app */,
				271B118C1B14EC98003289C8 /* ForceClickTests.xctest */,
			);
			name = Products;
			sourceTree = "<group>";
		};
		271B117B1B14EC98003289C8 /* ForceClick */ = {
			isa = PBXGroup;
			children = (
				271B117E1B14EC98003289C8 /* AppDelegate.h */,
				271B117F1B14EC98003289C8 /* AppDelegate.m */,
				271B11831B14EC98003289C8 /* Images.xcassets */,
				271B11851B14EC98003289C8 /* MainMenu.xib */,
				271B117C1B14EC98003289C8 /* Supporting Files */,
			);
			path = ForceClick;
			sourceTree = "<group>";
		};
		271B117C1B14EC98003289C8 /* Supporting Files */ = {
			isa = PBXGroup;
			children = (
				271B117D1B14EC98003289C8 /* Info.plist */,
				271B11811B14EC98003289C8 /* main.m */,
			);
			name = "Supporting Files";
			sourceTree = "<group>";
		};
		271B118F1B14EC98003289C8 /* ForceClickTests */ = {
			isa = PBXGroup;
			children = (
				271B11921B14EC98003289C8 /* ForceClickTests.m */,
				271B11901B14EC98003289C8 /* Supporting Files */,
			);
			path = ForceClickTests;
			sourceTree = "<group>";
		};
		271B11901B14EC98003289C8 /* Supporting Files */ = {
			isa = PBXGroup;
			children = (
				271B11911B14EC98003289C8 /* Info.plist */,
			);
			name = "Supporting Files";
			sourceTree = "<group>";
		};
/* End PBXGroup section */

/* Begin PBXNativeTarget section */
		271B11781B14EC98003289C8 /* ForceClick */ = {
			isa = PBXNativeTarget;
			buildConfigurationList = 271B11961B14EC98003289C8 /* Build configuration list for PBXNativeTarget "ForceClick" */;
			buildPhases = (
				271B11751B14EC98003289C8 /* Sources */,
				271B11761B14EC98003289C8 /* Frameworks */,
				271B11771B14EC98003289C8 /* Resources */,
			);
			buildRules = (
			);
			dependencies = (
			);
			name = ForceClick;
			productName = ForceClick;
			productReference = 271B11791B14EC98003289C8 /* ForceClick.app */;
			productType = "com.apple.product-type.application";
		};
		271B118B1B14EC98003289C8 /* ForceClickTests */ = {
			isa = PBXNativeTarget;
			buildConfigurationList = 271B11991B14EC98003289C8 /* Build configuration list for PBXNativeTarget "ForceClickTests" */;
			buildPhases = (
				271B11881B14EC98003289C8 /* Sources */,
				271B11891B14EC98003289C8 /* Frameworks */,
				271B118A1B14EC98003289C8 /* Resources */,
			);
			buildRules = (
			);
			dependencies = (
				271B118E1B14EC98003289C8 /* PBXTargetDependency */,
			);
			name = ForceClickTests;
			productName = ForceClickTests;
			productReference = 271B118C1B14EC98003289C8 /* ForceClickTests.xctest */;
			productType = "com.apple.product-type.bundle.unit-test";
		};
/* End PBXNativeTarget section */

/* Begin PBXProject section */
		271B11711B14EC97003289C8 /* Project object */ = {
			isa = PBXProject;
			attributes = {
				LastUpgradeCheck = 0630;
				ORGANIZATIONNAME = "Metal Toad";
				TargetAttributes = {
					271B11781B14EC98003289C8 = {
						CreatedOnToolsVersion = 6.3.2;
					};
					271B118B1B14EC98003289C8 = {
						CreatedOnToolsVersion = 6.3.2;
						TestTargetID = 271B11781B14EC98003289C8;
					};
				};
			};
			buildConfigurationList = 271B11741B14EC97003289C8 /* Build configuration list for PBXProject "ForceClick" */;
			compatibilityVersion = "Xcode 3.2";
			developmentRegion = English;
			hasScannedForEncodings = 0;
			knownRegions = (
				en,
				Base,
			);
			mainGroup = 271B11701B14EC97003289C8;
			productRefGroup = 271B117A1B14EC98003289C8 /* Products */;
			projectDirPath = "";
			projectRoot = "";
			targets = (
				271B11781B14EC98003289C8 /* ForceClick */,
				271B118B1B14EC98003289C8 /* ForceClickTests */,
			);
		};
/* End PBXProject section */

/* Begin PBXResourcesBuildPhase section */
		271B11771B14EC98003289C8 /* Resources */ = {
			isa = PBXResourcesBuildPhase;
			buildActionMask = 2147483647;
			files = (
				271B11841B14EC98003289C8 /* Images.xcassets in Resources */,
				271B11871B14EC98003289C8 /* MainMenu.xib in Resources */,
			);
			runOnlyForDeploymentPostprocessing = 0;
		};
		271B118A1B14EC98003289C8 /* Resources */ = {
			isa = PBXResourcesBuildPhase;
			buildActionMask = 2147483647;
			files = (
			);
			runOnlyForDeploymentPostprocessing = 0;
		};
/* End PBXResourcesBuildPhase section */

/* Begin PBXSourcesBuildPhase section */
		271B11751B14EC98003289C8 /* Sources */ = {
			isa = PBXSourcesBuildPhase;
			buildActionMask = 2147483647;
			files = (
				271B11821B14EC98003289C8 /* main.m in Sources */,
				271B11801B14EC98003289C8 /* AppDelegate.m in Sources */,
			);
			runOnlyForDeploymentPostprocessing = 0;
		};
		271B11881B14EC98003289C8 /* Sources */ = {
			isa = PBXSourcesBuildPhase;
			buildActionMask = 2147483647;
			files = (
				271B11931B14EC98003289C8 /* ForceClickTests.m in Sources */,
			);
			runOnlyForDeploymentPostprocessing = 0;
		};
/* End PBXSourcesBuildPhase section */

/* Begin PBXTargetDependency section */
		271B118E1B14EC98003289C8 /* PBXTargetDependency */ = {
			isa = PBXTargetDependency;
			target = 271B11781B14EC98003289C8 /* ForceClick */;
			targetProxy = 271B118D1B14EC98003289C8 /* PBXContainerItemProxy */;
		};
/* End PBXTargetDependency section */

/* Begin PBXVariantGroup section */
		271B11851B14EC98003289C8 /* MainMenu.xib */ = {
			isa = PBXVariantGroup;
			children = (
				271B11861B14EC98003289C8 /* Base */,
			);
			name = MainMenu.xib;
			sourceTree = "<group>";
		};
/* End PBXVariantGroup section */

/* Begin XCBuildConfiguration section */
		271B11941B14EC98003289C8 /* Debug */ = {
			isa = XCBuildConfiguration;
			buildSettings = {
				ALWAYS_SEARCH_USER_PATHS = NO;
				CLANG_CXX_LANGUAGE_STANDARD = "gnu++0x";
				CLANG_CXX_LIBRARY = "libc++";
				CLANG_ENABLE_MODULES = YES;
				CLANG_ENABLE_OBJC_ARC = YES;
				CLANG_WARN_BOOL_CONVERSION = YES;
				CLANG_WARN_CONSTANT_CONVERSION = YES;
				CLANG_WARN_DIRECT_OBJC_ISA_USAGE = YES_ERROR;
				CLANG_WARN_EMPTY_BODY = YES;
				CLANG_WARN_ENUM_CONVERSION = YES;
				CLANG_WARN_INT_CONVERSION = YES;
				CLANG_WARN_OBJC_ROOT_CLASS = YES_ERROR;
				CLANG_WARN_UNREACHABLE_CODE = YES;
				CLANG_WARN__DUPLICATE_METHOD_MATCH = YES;
				CODE_SIGN_IDENTITY = "-";
				COPY_PHASE_STRIP = NO;
				DEBUG_INFORMATION_FORMAT = dwarf;
				ENABLE_STRICT_OBJC_MSGSEND = YES;
				GCC_C_LANGUAGE_STANDARD = gnu99;
				GCC_DYNAMIC_NO_PIC = NO;
				GCC_NO_COMMON_BLOCKS = YES;
				GCC_OPTIMIZATION_LEVEL = 0;
				GCC_PREPROCESSOR_DEFINITIONS = (
					"DEBUG=1",
					"$(inherited)",
				);
				GCC_SYMBOLS_PRIVATE_EXTERN = NO;
				GCC_WARN_64_TO_32_BIT_CONVERSION = YES;
				GCC_WARN_ABOUT_RETURN_TYPE = YES_ERROR;
				GCC_WARN_UNDECLARED_SELECTOR = YES;
				GCC_WARN_UNINITIALIZED_AUTOS = YES_AGGRESSIVE;
				GCC_WARN_UNUSED_FUNCTION = YES;
				GCC_WARN_UNUSED_VARIABLE = YES;
				MACOSX_DEPLOYMENT_TARGET = 10.10;
				MTL_ENABLE_DEBUG_INFO = YES;
				ONLY_ACTIVE_ARCH = YES;
				SDKROOT = macosx;
			};
			name = Debug;
		};
		271B11951B14EC98003289C8 /* Release */ = {
			isa = XCBuildConfiguration;
			buildSettings = {
				ALWAYS_SEARCH_USER_PATHS = NO;
				CLANG_CXX_LANGUAGE_STANDARD = "gnu++0x";
				CLANG_CXX_LIBRARY = "libc++";
				CLANG_ENABLE_MODULES = YES;
				CLANG_ENABLE_OBJC_ARC = YES;
				CLANG_WARN_BOOL_CONVERSION = YES;
				CLANG_WARN_CONSTANT_CONVERSION = YES;
				CLANG_WARN_DIRECT_OBJC_ISA_USAGE = YES_ERROR;
				CLANG_WARN_EMPTY_BODY = YES;
				CLANG_WARN_ENUM_CONVERSION = YES;
				CLANG_WARN_INT_CONVERSION = YES;
				CLANG_WARN_OBJC_ROOT_CLASS = YES_ERROR;
				CLANG_WARN_UNREACHABLE_CODE = YES;
				CLANG_WARN__DUPLICATE_METHOD_MATCH = YES;
				CODE_SIGN_IDENTITY = "-";
				COPY_PHASE_STRIP = NO;
				DEBUG_INFORMATION_FORMAT = "dwarf-with-dsym";
				ENABLE_NS_ASSERTIONS = NO;
				ENABLE_STRICT_OBJC_MSGSEND = YES;
				GCC_C_LANGUAGE_STANDARD = gnu99;
				GCC_NO_COMMON_BLOCKS = YES;
				GCC_WARN_64_TO_32_BIT_CONVERSION = YES;
				GCC_WARN_ABOUT_RETURN_TYPE = YES_ERROR;
				GCC_WARN_UNDECLARED_SELECTOR = YES;
				GCC_WARN_UNINITIALIZED_AUTOS = YES_AGGRESSIVE;
				GCC_WARN_UNUSED_FUNCTION = YES;
				GCC_WARN_UNUSED_VARIABLE = YES;
				MACOSX_DEPLOYMENT_TARGET = 10.10;
				MTL_ENABLE_DEBUG_INFO = NO;
				SDKROOT = macosx;
			};
			name = Release;
		};
		271B11971B14EC98003289C8 /* Debug */ = {
			isa = XCBuildConfiguration;
			buildSettings = {
				ASSETCATALOG_COMPILER_APPICON_NAME = AppIcon;
				COMBINE_HIDPI_IMAGES = YES;
				INFOPLIST_FILE = ForceClick/Info.plist;
				LD_RUNPATH_SEARCH_PATHS = "$(inherited) @executable_path/../Frameworks";
				PRODUCT_NAME = "$(TARGET_NAME)";
			};
			name = Debug;
		};
		271B11981B14EC98003289C8 /* Release */ = {
			isa = XCBuildConfiguration;
			buildSettings = {
				ASSETCATALOG_COMPILER_APPICON_NAME = AppIcon;
				COMBINE_HIDPI_IMAGES = YES;
				INFOPLIST_FILE = ForceClick/Info.plist;
				LD_RUNPATH_SEARCH_PATHS = "$(inherited) @executable_path/../Frameworks";
				PRODUCT_NAME = "$(TARGET_NAME)";
			};
			name = Release;
		};
		271B119A1B14EC98003289C8 /* Debug */ = {
			isa = XCBuildConfiguration;
			buildSettings = {
				BUNDLE_LOADER = "$(TEST_HOST)";
				COMBINE_HIDPI_IMAGES = YES;
				FRAMEWORK_SEARCH_PATHS = (
					"$(DEVELOPER_FRAMEWORKS_DIR)",
					"$(inherited)",
				);
				GCC_PREPROCESSOR_DEFINITIONS = (
					"DEBUG=1",
					"$(inherited)",
				);
				INFOPLIST_FILE = ForceClickTests/Info.plist;
				LD_RUNPATH_SEARCH_PATHS = "$(inherited) @executable_path/../Frameworks @loader_path/../Frameworks";
				PRODUCT_NAME = "$(TARGET_NAME)";
				TEST_HOST = "$(BUILT_PRODUCTS_DIR)/ForceClick.app/Contents/MacOS/ForceClick";
			};
			name = Debug;
		};
		271B119B1B14EC98003289C8 /* Release */ = {
			isa = XCBuildConfiguration;
			buildSettings = {
				BUNDLE_LOADER = "$(TEST_HOST)";
				COMBINE_HIDPI_IMAGES = YES;
				FRAMEWORK_SEARCH_PATHS = (
					"$(DEVELOPER_FRAMEWORKS_DIR)",
					"$(inherited)",
				);
				INFOPLIST_FILE = ForceClickTests/Info.plist;
				LD_RUNPATH_SEARCH_PATHS = "$(inherited) @executable_path/../Frameworks @loader_path/../Frameworks";
				PRODUCT_NAME = "$(TARGET_NAME)";
				TEST_HOST = "$(BUILT_PRODUCTS_DIR)/ForceClick.app/Contents/MacOS/ForceClick";
			};
			name = Release;
		};
/* End XCBuildConfiguration section */

/* Begin XCConfigurationList section */
		271B11741B14EC97003289C8 /* Build configuration list for PBXProject "ForceClick" */ = {
			isa = XCConfigurationList;
			buildConfigurations = (
				271B11941B14EC98003289C8 /* Debug */,
				271B11951B14EC98003289C8 /* Release */,
			);
			defaultConfigurationIsVisible = 0;
			defaultConfigurationName = Release;
		};
		271B11961B14EC98003289C8 /* Build configuration list for PBXNativeTarget "ForceClick" */ = {
			isa = XCConfigurationList;
			buildConfigurations = (
				271B11971B14EC98003289C8 /* Debug */,
				271B11981B14EC98003289C8 /* Release */,
			);
			defaultConfigurationIsVisible = 0;
		};
		271B11991B14EC98003289C8 /* Build configuration list for PBXNativeTarget "ForceClickTests" */ = {
			isa = XCConfigurationList;
			buildConfigurations = (
				271B119A1B14EC98003289C8 /* Debug */,
				271B119B1B14EC98003289C8 /* Release */,
			);
			defaultConfigurationIsVisible = 0;
		};
/* End XCConfigurationList section */
	};
	rootObject = 271B11711B14EC97003289C8 /* Project object */;
}
